{
  "requires": true,
  "lockfileVersion": 1,
  "dependencies": {
    "zokrates-js": {
      "version": "1.0.39",
      "resolved": "https://registry.npmjs.org/zokrates-js/-/zokrates-js-1.0.39.tgz",
      "integrity": "sha512-gnX0m56w1ilPRwRRg/3tcMc+FghVQEL/yzqeHimESJfYM+SDwPJCljsUt4lhRv6/9W/H+ezyR7OmC0CoWapbfQ=="
    }
  }
}
